
Microsoft Visual Studio Solution File, Format Version 12.00
# Visual Studio Version 17
VisualStudioVersion = 17.3.32901.215
MinimumVisualStudioVersion = 10.0.40219.1
Project("{FAE04EC0-301F-11D3-BF4B-00C04F79EFBC}") = "MealPlanner.Android", "MealPlanner\MealPlanner.Android\MealPlanner.Android.csproj", "{6A76DA7A-DAE3-4808-B3CB-686A4F2A65C3}"
EndProject
Project("{FAE04EC0-301F-11D3-BF4B-00C04F79EFBC}") = "MealPlanner.iOS", "MealPlanner\MealPlanner.iOS\MealPlanner.iOS.csproj", "{F97B6A2D-BA27-4269-86E2-01E359598D13}"
EndProject
Project("{FAE04EC0-301F-11D3-BF4B-00C04F79EFBC}") = "MealPlanner", "MealPlanner\MealPlanner\MealPlanner.csproj", "{97E185EF-919B-4B83-990F-16D6EE97F752}"
EndProject
Global
	GlobalSection(SolutionConfigurationPlatforms) = preSolution
		Debug|Any CPU = Debug|Any CPU
		Debug|iPhone = Debug|iPhone
		Debug|iPhoneSimulator = Debug|iPhoneSimulator
		Release|Any CPU = Release|Any CPU
		Release|iPhone = Release|iPhone
		Release|iPhoneSimulator = Release|iPhoneSimulator
	EndGlobalSection
	GlobalSection(ProjectConfigurationPlatforms) = postSolution
		{6A76DA7A-DAE3-4808-B3CB-686A4F2A65C3}.Debug|Any CPU.ActiveCfg = Debug|Any CPU
		{6A76DA7A-DAE3-4808-B3CB-686A4F2A65C3}.Debug|Any CPU.Build.0 = Debug|Any CPU
		{6A76DA7A-DAE3-4808-B3CB-686A4F2A65C3}.Debug|Any CPU.Deploy.0 = Debug|Any CPU
		{6A76DA7A-DAE3-4808-B3CB-686A4F2A65C3}.Debug|iPhone.ActiveCfg = Debug|Any CPU
		{6A76DA7A-DAE3-4808-B3CB-686A4F2A65C3}.Debug|iPhone.Build.0 = Debug|Any CPU
		{6A76DA7A-DAE3-4808-B3CB-686A4F2A65C3}.Debug|iPhone.Deploy.0 = Debug|Any CPU
		{6A76DA7A-DAE3-4808-B3CB-686A4F2A65C3}.Debug|iPhoneSimulator.ActiveCfg = Debug|Any CPU
		{6A76DA7A-DAE3-4808-B3CB-686A4F2A65C3}.Debug|iPhoneSimulator.Build.0 = Debug|Any CPU
		{6A76DA7A-DAE3-4808-B3CB-686A4F2A65C3}.Debug|iPhoneSimulator.Deploy.0 = Debug|Any CPU
		{6A76DA7A-DAE3-4808-B3CB-686A4F2A65C3}.Release|Any CPU.ActiveCfg = Release|Any CPU
		{6A76DA7A-DAE3-4808-B3CB-686A4F2A65C3}.Release|Any CPU.Build.0 = Release|Any CPU
		{6A76DA7A-DAE3-4808-B3CB-686A4F2A65C3}.Release|Any CPU.Deploy.0 = Release|Any CPU
		{6A76DA7A-DAE3-4808-B3CB-686A4F2A65C3}.Release|iPhone.ActiveCfg = Release|Any CPU
		{6A76DA7A-DAE3-4808-B3CB-686A4F2A65C3}.Release|iPhone.Build.0 = Release|Any CPU
		{6A76DA7A-DAE3-4808-B3CB-686A4F2A65C3}.Release|iPhone.Deploy.0 = Release|Any CPU
		{6A76DA7A-DAE3-4808-B3CB-686A4F2A65C3}.Release|iPhoneSimulator.ActiveCfg = Release|Any CPU
		{6A76DA7A-DAE3-4808-B3CB-686A4F2A65C3}.Release|iPhoneSimulator.Build.0 = Release|Any CPU
		{6A76DA7A-DAE3-4808-B3CB-686A4F2A65C3}.Release|iPhoneSimulator.Deploy.0 = Release|Any CPU
		{F97B6A2D-BA27-4269-86E2-01E359598D13}.Debug|Any CPU.ActiveCfg = Debug|iPhone
		{F97B6A2D-BA27-4269-86E2-01E359598D13}.Debug|Any CPU.Build.0 = Debug|iPhone
		{F97B6A2D-BA27-4269-86E2-01E359598D13}.Debug|Any CPU.Deploy.0 = Debug|iPhone
		{F97B6A2D-BA27-4269-86E2-01E359598D13}.Debug|iPhone.ActiveCfg = Debug|iPhone
		{F97B6A2D-BA27-4269-86E2-01E359598D13}.Debug|iPhone.Build.0 = Debug|iPhone
		{F97B6A2D-BA27-4269-86E2-01E359598D13}.Debug|iPhone.Deploy.0 = Debug|iPhone
		{F97B6A2D-BA27-4269-86E2-01E359598D13}.Debug|iPhoneSimulator.ActiveCfg = Debug|iPhoneSimulator
		{F97B6A2D-BA27-4269-86E2-01E359598D13}.Debug|iPhoneSimulator.Build.0 = Debug|iPhoneSimulator
		{F97B6A2D-BA27-4269-86E2-01E359598D13}.Debug|iPhoneSimulator.Deploy.0 = Debug|iPhoneSimulator
		{F97B6A2D-BA27-4269-86E2-01E359598D13}.Release|Any CPU.ActiveCfg = Release|iPhoneSimulator
		{F97B6A2D-BA27-4269-86E2-01E359598D13}.Release|Any CPU.Build.0 = Release|iPhoneSimulator
		{F97B6A2D-BA27-4269-86E2-01E359598D13}.Release|Any CPU.Deploy.0 = Release|iPhoneSimulator
		{F97B6A2D-BA27-4269-86E2-01E359598D13}.Release|iPhone.ActiveCfg = Release|iPhone
		{F97B6A2D-BA27-4269-86E2-01E359598D13}.Release|iPhone.Build.0 = Release|iPhone
		{F97B6A2D-BA27-4269-86E2-01E359598D13}.Release|iPhone.Deploy.0 = Release|iPhone
		{F97B6A2D-BA27-4269-86E2-01E359598D13}.Release|iPhoneSimulator.ActiveCfg = Release|iPhoneSimulator
		{F97B6A2D-BA27-4269-86E2-01E359598D13}.Release|iPhoneSimulator.Build.0 = Release|iPhoneSimulator
		{F97B6A2D-BA27-4269-86E2-01E359598D13}.Release|iPhoneSimulator.Deploy.0 = Release|iPhoneSimulator
		{97E185EF-919B-4B83-990F-16D6EE97F752}.Debug|Any CPU.ActiveCfg = Debug|Any CPU
		{97E185EF-919B-4B83-990F-16D6EE97F752}.Debug|Any CPU.Build.0 = Debug|Any CPU
		{97E185EF-919B-4B83-990F-16D6EE97F752}.Debug|Any CPU.Deploy.0 = Debug|Any CPU
		{97E185EF-919B-4B83-990F-16D6EE97F752}.Debug|iPhone.ActiveCfg = Debug|Any CPU
		{97E185EF-919B-4B83-990F-16D6EE97F752}.Debug|iPhone.Build.0 = Debug|Any CPU
		{97E185EF-919B-4B83-990F-16D6EE97F752}.Debug|iPhone.Deploy.0 = Debug|Any CPU
		{97E185EF-919B-4B83-990F-16D6EE97F752}.Debug|iPhoneSimulator.ActiveCfg = Debug|Any CPU
		{97E185EF-919B-4B83-990F-16D6EE97F752}.Debug|iPhoneSimulator.Build.0 = Debug|Any CPU
		{97E185EF-919B-4B83-990F-16D6EE97F752}.Debug|iPhoneSimulator.Deploy.0 = Debug|Any CPU
		{97E185EF-919B-4B83-990F-16D6EE97F752}.Release|Any CPU.ActiveCfg = Release|Any CPU
		{97E185EF-919B-4B83-990F-16D6EE97F752}.Release|Any CPU.Build.0 = Release|Any CPU
		{97E185EF-919B-4B83-990F-16D6EE97F752}.Release|Any CPU.Deploy.0 = Release|Any CPU
		{97E185EF-919B-4B83-990F-16D6EE97F752}.Release|iPhone.ActiveCfg = Release|Any CPU
		{97E185EF-919B-4B83-990F-16D6EE97F752}.Release|iPhone.Build.0 = Release|Any CPU
		{97E185EF-919B-4B83-990F-16D6EE97F752}.Release|iPhone.Deploy.0 = Release|Any CPU
		{97E185EF-919B-4B83-990F-16D6EE97F752}.Release|iPhoneSimulator.ActiveCfg = Release|Any CPU
		{97E185EF-919B-4B83-990F-16D6EE97F752}.Release|iPhoneSimulator.Build.0 = Release|Any CPU
		{97E185EF-919B-4B83-990F-16D6EE97F752}.Release|iPhoneSimulator.Deploy.0 = Release|Any CPU
	EndGlobalSection
	GlobalSection(SolutionProperties) = preSolution
		HideSolutionNode = FALSE
	EndGlobalSection
	GlobalSection(ExtensibilityGlobals) = postSolution
		SolutionGuid = {55F52633-C0EF-4809-AD28-D926479F32E6}
	EndGlobalSection
EndGlobal
